// !$*UTF8*$!
{
	archiveVersion = 1;
	classes = {
	};
	objectVersion = 46;
	objects = {

/* Begin PBXBuildFile section */
		2A4223351CE107E60010F06C /* Pet+CoreDataProperties.swift in Sources */ = {isa = PBXBuildFile; fileRef = 2A4223331CE107E60010F06C /* Pet+CoreDataProperties.swift */; };
		2A4223361CE107E60010F06C /* Pet.swift in Sources */ = {isa = PBXBuildFile; fileRef = 2A4223341CE107E60010F06C /* Pet.swift */; };
		2A5DF9C41CDC263C00386A03 /* PlayerModel.xcdatamodeld in Sources */ = {isa = PBXBuildFile; fileRef = 2A5DF9C21CDC263C00386A03 /* PlayerModel.xcdatamodeld */; };
		2A5DF9C71CDC283300386A03 /* Player+CoreDataProperties.swift in Sources */ = {isa = PBXBuildFile; fileRef = 2A5DF9C51CDC283300386A03 /* Player+CoreDataProperties.swift */; };
		2A5DF9C81CDC283300386A03 /* Player.swift in Sources */ = {isa = PBXBuildFile; fileRef = 2A5DF9C61CDC283300386A03 /* Player.swift */; };
		2A5DFA0D1CDCD42E00386A03 /* FirstTimeViewController.swift in Sources */ = {isa = PBXBuildFile; fileRef = 2A5DFA0C1CDCD42E00386A03 /* FirstTimeViewController.swift */; };
		2A5EB9171CE8113E00EF7560 /* PetInfo.swift in Sources */ = {isa = PBXBuildFile; fileRef = 2A5EB9161CE8113E00EF7560 /* PetInfo.swift */; };
		2A5EB9191CE8114400EF7560 /* BossInfo.swift in Sources */ = {isa = PBXBuildFile; fileRef = 2A5EB9181CE8114400EF7560 /* BossInfo.swift */; };
		2A5EB91B1CE8116E00EF7560 /* GameScene.sks in Resources */ = {isa = PBXBuildFile; fileRef = 2A5EB91A1CE8116E00EF7560 /* GameScene.sks */; };
		2AEC1AA71CDAA67D00699105 /* DataController.swift in Sources */ = {isa = PBXBuildFile; fileRef = 2AEC1AA61CDAA67D00699105 /* DataController.swift */; };
		2AF0855C1CE8101200B5E4AF /* bossbalrog.atlas in Resources */ = {isa = PBXBuildFile; fileRef = 2AF085521CE8101200B5E4AF /* bossbalrog.atlas */; };
		2AF0855D1CE8101200B5E4AF /* bossdragon.atlas in Resources */ = {isa = PBXBuildFile; fileRef = 2AF085531CE8101200B5E4AF /* bossdragon.atlas */; };
		2AF0855E1CE8101200B5E4AF /* bossmushroom.atlas in Resources */ = {isa = PBXBuildFile; fileRef = 2AF085541CE8101200B5E4AF /* bossmushroom.atlas */; };
		2AF0855F1CE8101200B5E4AF /* bossskeleton.atlas in Resources */ = {isa = PBXBuildFile; fileRef = 2AF085551CE8101200B5E4AF /* bossskeleton.atlas */; };
		2AF085601CE8101200B5E4AF /* bossstump.atlas in Resources */ = {isa = PBXBuildFile; fileRef = 2AF085561CE8101200B5E4AF /* bossstump.atlas */; };
		2AF085611CE8101200B5E4AF /* bosstree.atlas in Resources */ = {isa = PBXBuildFile; fileRef = 2AF085571CE8101200B5E4AF /* bosstree.atlas */; };
		2AF085621CE8101200B5E4AF /* petdragon.atlas in Resources */ = {isa = PBXBuildFile; fileRef = 2AF085581CE8101200B5E4AF /* petdragon.atlas */; };
		2AF085631CE8101200B5E4AF /* petlion.atlas in Resources */ = {isa = PBXBuildFile; fileRef = 2AF085591CE8101200B5E4AF /* petlion.atlas */; };
		2AF085641CE8101200B5E4AF /* petporcupine.atlas in Resources */ = {isa = PBXBuildFile; fileRef = 2AF0855A1CE8101200B5E4AF /* petporcupine.atlas */; };
		2AF085651CE8101200B5E4AF /* yeti.atlas in Resources */ = {isa = PBXBuildFile; fileRef = 2AF0855B1CE8101200B5E4AF /* yeti.atlas */; };
		8B70DAE91CD6B77700988E7E /* HealthKitManager.swift in Sources */ = {isa = PBXBuildFile; fileRef = 8B70DAE81CD6B77700988E7E /* HealthKitManager.swift */; };
		8B70DAEB1CD6B78A00988E7E /* HealthKit.framework in Frameworks */ = {isa = PBXBuildFile; fileRef = 8B70DAEA1CD6B78A00988E7E /* HealthKit.framework */; };
		BE0857101CE037CD00B4E31D /* HomeTabViewController.swift in Sources */ = {isa = PBXBuildFile; fileRef = BE08570F1CE037CD00B4E31D /* HomeTabViewController.swift */; };
		BE0857121CE03CFD00B4E31D /* PetViewController.swift in Sources */ = {isa = PBXBuildFile; fileRef = BE0857111CE03CFD00B4E31D /* PetViewController.swift */; };
		BE0857141CE0F5CE00B4E31D /* StatViewController.swift in Sources */ = {isa = PBXBuildFile; fileRef = BE0857131CE0F5CE00B4E31D /* StatViewController.swift */; };
		BE08571A1CE11C9C00B4E31D /* HelpViewController.swift in Sources */ = {isa = PBXBuildFile; fileRef = BE0857191CE11C9C00B4E31D /* HelpViewController.swift */; };
		BE1B4C951CE6C6510032B904 /* Interface.storyboard in Resources */ = {isa = PBXBuildFile; fileRef = BE1B4C931CE6C6510032B904 /* Interface.storyboard */; };
		BE1B4C971CE6C6510032B904 /* Assets.xcassets in Resources */ = {isa = PBXBuildFile; fileRef = BE1B4C961CE6C6510032B904 /* Assets.xcassets */; };
		BE1B4C9E1CE6C6510032B904 /* watch Extension.appex in Embed App Extensions */ = {isa = PBXBuildFile; fileRef = BE1B4C9D1CE6C6510032B904 /* watch Extension.appex */; settings = {ATTRIBUTES = (RemoveHeadersOnCopy, ); }; };
		BE1B4CA51CE6C6510032B904 /* InterfaceController.swift in Sources */ = {isa = PBXBuildFile; fileRef = BE1B4CA41CE6C6510032B904 /* InterfaceController.swift */; };
		BE1B4CA71CE6C6510032B904 /* ExtensionDelegate.swift in Sources */ = {isa = PBXBuildFile; fileRef = BE1B4CA61CE6C6510032B904 /* ExtensionDelegate.swift */; };
		BE1B4CA91CE6C6510032B904 /* NotificationController.swift in Sources */ = {isa = PBXBuildFile; fileRef = BE1B4CA81CE6C6510032B904 /* NotificationController.swift */; };
		BE1B4CAB1CE6C6510032B904 /* Assets.xcassets in Resources */ = {isa = PBXBuildFile; fileRef = BE1B4CAA1CE6C6510032B904 /* Assets.xcassets */; };
		BE1B4CAF1CE6C6510032B904 /* watch.app in Embed Watch Content */ = {isa = PBXBuildFile; fileRef = BE1B4C911CE6C6500032B904 /* watch.app */; };
		BE7A3D501CD6B33A00D163FC /* AppDelegate.swift in Sources */ = {isa = PBXBuildFile; fileRef = BE7A3D4F1CD6B33A00D163FC /* AppDelegate.swift */; };
		BE7A3D521CD6B33A00D163FC /* GameScene2.sks in Resources */ = {isa = PBXBuildFile; fileRef = BE7A3D511CD6B33A00D163FC /* GameScene2.sks */; };
		BE7A3D541CD6B33A00D163FC /* GameScene.swift in Sources */ = {isa = PBXBuildFile; fileRef = BE7A3D531CD6B33A00D163FC /* GameScene.swift */; };
		BE7A3D561CD6B33A00D163FC /* GameViewController.swift in Sources */ = {isa = PBXBuildFile; fileRef = BE7A3D551CD6B33A00D163FC /* GameViewController.swift */; };
		BE7A3D591CD6B33A00D163FC /* Main.storyboard in Resources */ = {isa = PBXBuildFile; fileRef = BE7A3D571CD6B33A00D163FC /* Main.storyboard */; };
		BE7A3D5B1CD6B33A00D163FC /* Assets.xcassets in Resources */ = {isa = PBXBuildFile; fileRef = BE7A3D5A1CD6B33A00D163FC /* Assets.xcassets */; };
		BE7A3D5E1CD6B33A00D163FC /* LaunchScreen.storyboard in Resources */ = {isa = PBXBuildFile; fileRef = BE7A3D5C1CD6B33A00D163FC /* LaunchScreen.storyboard */; };
		BE7A3D691CD6B33B00D163FC /* tekubimon_iphoneTests.swift in Sources */ = {isa = PBXBuildFile; fileRef = BE7A3D681CD6B33B00D163FC /* tekubimon_iphoneTests.swift */; };
		BE7A3D741CD6B33B00D163FC /* tekubimon_iphoneUITests.swift in Sources */ = {isa = PBXBuildFile; fileRef = BE7A3D731CD6B33B00D163FC /* tekubimon_iphoneUITests.swift */; };
		BE7A3D831CD6B4B100D163FC /* notes in Resources */ = {isa = PBXBuildFile; fileRef = BE7A3D811CD6B4B100D163FC /* notes */; };
		BE7A3D861CD6E2B500D163FC /* Black_Mage.swift in Sources */ = {isa = PBXBuildFile; fileRef = BE7A3D851CD6E2B500D163FC /* Black_Mage.swift */; };
/* End PBXBuildFile section */

/* Begin PBXContainerItemProxy section */
		BE1B4C9F1CE6C6510032B904 /* PBXContainerItemProxy */ = {
			isa = PBXContainerItemProxy;
			containerPortal = BE7A3D441CD6B33A00D163FC /* Project object */;
			proxyType = 1;
			remoteGlobalIDString = BE1B4C9C1CE6C6510032B904;
			remoteInfo = "watch Extension";
		};
		BE1B4CAD1CE6C6510032B904 /* PBXContainerItemProxy */ = {
			isa = PBXContainerItemProxy;
			containerPortal = BE7A3D441CD6B33A00D163FC /* Project object */;
			proxyType = 1;
			remoteGlobalIDString = BE1B4C901CE6C6500032B904;
			remoteInfo = watch;
		};
		BE7A3D651CD6B33B00D163FC /* PBXContainerItemProxy */ = {
			isa = PBXContainerItemProxy;
			containerPortal = BE7A3D441CD6B33A00D163FC /* Project object */;
			proxyType = 1;
			remoteGlobalIDString = BE7A3D4B1CD6B33A00D163FC;
			remoteInfo = "tekubimon-iphone";
		};
		BE7A3D701CD6B33B00D163FC /* PBXContainerItemProxy */ = {
			isa = PBXContainerItemProxy;
			containerPortal = BE7A3D441CD6B33A00D163FC /* Project object */;
			proxyType = 1;
			remoteGlobalIDString = BE7A3D4B1CD6B33A00D163FC;
			remoteInfo = "tekubimon-iphone";
		};
/* End PBXContainerItemProxy section */

/* Begin PBXCopyFilesBuildPhase section */
		BE1B4CB51CE6C6510032B904 /* Embed App Extensions */ = {
			isa = PBXCopyFilesBuildPhase;
			buildActionMask = 2147483647;
			dstPath = "";
			dstSubfolderSpec = 13;
			files = (
				BE1B4C9E1CE6C6510032B904 /* watch Extension.appex in Embed App Extensions */,
			);
			name = "Embed App Extensions";
			runOnlyForDeploymentPostprocessing = 0;
		};
		BE1B4CB71CE6C6510032B904 /* Embed Watch Content */ = {
			isa = PBXCopyFilesBuildPhase;
			buildActionMask = 2147483647;
			dstPath = "$(CONTENTS_FOLDER_PATH)/Watch";
			dstSubfolderSpec = 16;
			files = (
				BE1B4CAF1CE6C6510032B904 /* watch.app in Embed Watch Content */,
			);
			name = "Embed Watch Content";
			runOnlyForDeploymentPostprocessing = 0;
		};
/* End PBXCopyFilesBuildPhase section */

/* Begin PBXFileReference section */
		2A4223331CE107E60010F06C /* Pet+CoreDataProperties.swift */ = {isa = PBXFileReference; fileEncoding = 4; lastKnownFileType = sourcecode.swift; path = "Pet+CoreDataProperties.swift"; sourceTree = "<group>"; };
		2A4223341CE107E60010F06C /* Pet.swift */ = {isa = PBXFileReference; fileEncoding = 4; lastKnownFileType = sourcecode.swift; path = Pet.swift; sourceTree = "<group>"; };
		2A5DF9C31CDC263C00386A03 /* PlayerModel.xcdatamodel */ = {isa = PBXFileReference; lastKnownFileType = wrapper.xcdatamodel; path = PlayerModel.xcdatamodel; sourceTree = "<group>"; };
		2A5DF9C51CDC283300386A03 /* Player+CoreDataProperties.swift */ = {isa = PBXFileReference; fileEncoding = 4; lastKnownFileType = sourcecode.swift; path = "Player+CoreDataProperties.swift"; sourceTree = "<group>"; };
		2A5DF9C61CDC283300386A03 /* Player.swift */ = {isa = PBXFileReference; fileEncoding = 4; lastKnownFileType = sourcecode.swift; path = Player.swift; sourceTree = "<group>"; };
		2A5DFA0C1CDCD42E00386A03 /* FirstTimeViewController.swift */ = {isa = PBXFileReference; fileEncoding = 4; lastKnownFileType = sourcecode.swift; path = FirstTimeViewController.swift; sourceTree = "<group>"; };
		2A5EB9161CE8113E00EF7560 /* PetInfo.swift */ = {isa = PBXFileReference; fileEncoding = 4; lastKnownFileType = sourcecode.swift; path = PetInfo.swift; sourceTree = "<group>"; };
		2A5EB9181CE8114400EF7560 /* BossInfo.swift */ = {isa = PBXFileReference; fileEncoding = 4; lastKnownFileType = sourcecode.swift; path = BossInfo.swift; sourceTree = "<group>"; };
		2A5EB91A1CE8116E00EF7560 /* GameScene.sks */ = {isa = PBXFileReference; lastKnownFileType = file.sks; path = GameScene.sks; sourceTree = "<group>"; };
		2AEC1AA61CDAA67D00699105 /* DataController.swift */ = {isa = PBXFileReference; fileEncoding = 4; lastKnownFileType = sourcecode.swift; path = DataController.swift; sourceTree = "<group>"; };
		2AF085521CE8101200B5E4AF /* bossbalrog.atlas */ = {isa = PBXFileReference; lastKnownFileType = folder.skatlas; path = bossbalrog.atlas; sourceTree = "<group>"; };
		2AF085531CE8101200B5E4AF /* bossdragon.atlas */ = {isa = PBXFileReference; lastKnownFileType = folder.skatlas; path = bossdragon.atlas; sourceTree = "<group>"; };
		2AF085541CE8101200B5E4AF /* bossmushroom.atlas */ = {isa = PBXFileReference; lastKnownFileType = folder.skatlas; path = bossmushroom.atlas; sourceTree = "<group>"; };
		2AF085551CE8101200B5E4AF /* bossskeleton.atlas */ = {isa = PBXFileReference; lastKnownFileType = folder.skatlas; path = bossskeleton.atlas; sourceTree = "<group>"; };
		2AF085561CE8101200B5E4AF /* bossstump.atlas */ = {isa = PBXFileReference; lastKnownFileType = folder.skatlas; path = bossstump.atlas; sourceTree = "<group>"; };
		2AF085571CE8101200B5E4AF /* bosstree.atlas */ = {isa = PBXFileReference; lastKnownFileType = folder.skatlas; path = bosstree.atlas; sourceTree = "<group>"; };
		2AF085581CE8101200B5E4AF /* petdragon.atlas */ = {isa = PBXFileReference; lastKnownFileType = folder.skatlas; path = petdragon.atlas; sourceTree = "<group>"; };
		2AF085591CE8101200B5E4AF /* petlion.atlas */ = {isa = PBXFileReference; lastKnownFileType = folder.skatlas; path = petlion.atlas; sourceTree = "<group>"; };
		2AF0855A1CE8101200B5E4AF /* petporcupine.atlas */ = {isa = PBXFileReference; lastKnownFileType = folder.skatlas; path = petporcupine.atlas; sourceTree = "<group>"; };
		2AF0855B1CE8101200B5E4AF /* yeti.atlas */ = {isa = PBXFileReference; lastKnownFileType = folder.skatlas; path = yeti.atlas; sourceTree = "<group>"; };
		8B70DAE81CD6B77700988E7E /* HealthKitManager.swift */ = {isa = PBXFileReference; fileEncoding = 4; lastKnownFileType = sourcecode.swift; path = HealthKitManager.swift; sourceTree = "<group>"; };
		8B70DAEA1CD6B78A00988E7E /* HealthKit.framework */ = {isa = PBXFileReference; lastKnownFileType = wrapper.framework; name = HealthKit.framework; path = System/Library/Frameworks/HealthKit.framework; sourceTree = SDKROOT; };
		8B70DAEC1CD6B78A00988E7E /* tekubimon-iphone.entitlements */ = {isa = PBXFileReference; lastKnownFileType = text.xml; path = "tekubimon-iphone.entitlements"; sourceTree = "<group>"; };
		BE08570F1CE037CD00B4E31D /* HomeTabViewController.swift */ = {isa = PBXFileReference; fileEncoding = 4; lastKnownFileType = sourcecode.swift; path = HomeTabViewController.swift; sourceTree = "<group>"; };
		BE0857111CE03CFD00B4E31D /* PetViewController.swift */ = {isa = PBXFileReference; fileEncoding = 4; lastKnownFileType = sourcecode.swift; path = PetViewController.swift; sourceTree = "<group>"; };
		BE0857131CE0F5CE00B4E31D /* StatViewController.swift */ = {isa = PBXFileReference; fileEncoding = 4; lastKnownFileType = sourcecode.swift; name = StatViewController.swift; path = ../StatViewController.swift; sourceTree = "<group>"; };
		BE0857191CE11C9C00B4E31D /* HelpViewController.swift */ = {isa = PBXFileReference; fileEncoding = 4; lastKnownFileType = sourcecode.swift; path = HelpViewController.swift; sourceTree = "<group>"; };
		BE1B4C911CE6C6500032B904 /* watch.app */ = {isa = PBXFileReference; explicitFileType = wrapper.application; includeInIndex = 0; path = watch.app; sourceTree = BUILT_PRODUCTS_DIR; };
		BE1B4C941CE6C6510032B904 /* Base */ = {isa = PBXFileReference; lastKnownFileType = file.storyboard; name = Base; path = Base.lproj/Interface.storyboard; sourceTree = "<group>"; };
		BE1B4C961CE6C6510032B904 /* Assets.xcassets */ = {isa = PBXFileReference; lastKnownFileType = folder.assetcatalog; path = Assets.xcassets; sourceTree = "<group>"; };
		BE1B4C981CE6C6510032B904 /* Info.plist */ = {isa = PBXFileReference; lastKnownFileType = text.plist.xml; path = Info.plist; sourceTree = "<group>"; };
		BE1B4C9D1CE6C6510032B904 /* watch Extension.appex */ = {isa = PBXFileReference; explicitFileType = "wrapper.app-extension"; includeInIndex = 0; path = "watch Extension.appex"; sourceTree = BUILT_PRODUCTS_DIR; };
		BE1B4CA31CE6C6510032B904 /* PushNotificationPayload.apns */ = {isa = PBXFileReference; lastKnownFileType = text; path = PushNotificationPayload.apns; sourceTree = "<group>"; };
		BE1B4CA41CE6C6510032B904 /* InterfaceController.swift */ = {isa = PBXFileReference; lastKnownFileType = sourcecode.swift; path = InterfaceController.swift; sourceTree = "<group>"; };
		BE1B4CA61CE6C6510032B904 /* ExtensionDelegate.swift */ = {isa = PBXFileReference; lastKnownFileType = sourcecode.swift; path = ExtensionDelegate.swift; sourceTree = "<group>"; };
		BE1B4CA81CE6C6510032B904 /* NotificationController.swift */ = {isa = PBXFileReference; lastKnownFileType = sourcecode.swift; path = NotificationController.swift; sourceTree = "<group>"; };
		BE1B4CAA1CE6C6510032B904 /* Assets.xcassets */ = {isa = PBXFileReference; lastKnownFileType = folder.assetcatalog; path = Assets.xcassets; sourceTree = "<group>"; };
		BE1B4CAC1CE6C6510032B904 /* Info.plist */ = {isa = PBXFileReference; lastKnownFileType = text.plist.xml; path = Info.plist; sourceTree = "<group>"; };
		BE7A3D4C1CD6B33A00D163FC /* tekubimon-iphone.app */ = {isa = PBXFileReference; explicitFileType = wrapper.application; includeInIndex = 0; path = "tekubimon-iphone.app"; sourceTree = BUILT_PRODUCTS_DIR; };
		BE7A3D4F1CD6B33A00D163FC /* AppDelegate.swift */ = {isa = PBXFileReference; lastKnownFileType = sourcecode.swift; path = AppDelegate.swift; sourceTree = "<group>"; };
		BE7A3D511CD6B33A00D163FC /* GameScene2.sks */ = {isa = PBXFileReference; lastKnownFileType = file.sks; path = GameScene2.sks; sourceTree = "<group>"; };
		BE7A3D531CD6B33A00D163FC /* GameScene.swift */ = {isa = PBXFileReference; lastKnownFileType = sourcecode.swift; path = GameScene.swift; sourceTree = "<group>"; };
		BE7A3D551CD6B33A00D163FC /* GameViewController.swift */ = {isa = PBXFileReference; lastKnownFileType = sourcecode.swift; path = GameViewController.swift; sourceTree = "<group>"; };
		BE7A3D581CD6B33A00D163FC /* Base */ = {isa = PBXFileReference; lastKnownFileType = file.storyboard; name = Base; path = Base.lproj/Main.storyboard; sourceTree = "<group>"; };
		BE7A3D5A1CD6B33A00D163FC /* Assets.xcassets */ = {isa = PBXFileReference; lastKnownFileType = folder.assetcatalog; path = Assets.xcassets; sourceTree = "<group>"; };
		BE7A3D5D1CD6B33A00D163FC /* Base */ = {isa = PBXFileReference; lastKnownFileType = file.storyboard; name = Base; path = Base.lproj/LaunchScreen.storyboard; sourceTree = "<group>"; };
		BE7A3D5F1CD6B33A00D163FC /* Info.plist */ = {isa = PBXFileReference; lastKnownFileType = text.plist.xml; path = Info.plist; sourceTree = "<group>"; };
		BE7A3D641CD6B33B00D163FC /* tekubimon-iphoneTests.xctest */ = {isa = PBXFileReference; explicitFileType = wrapper.cfbundle; includeInIndex = 0; path = "tekubimon-iphoneTests.xctest"; sourceTree = BUILT_PRODUCTS_DIR; };
		BE7A3D681CD6B33B00D163FC /* tekubimon_iphoneTests.swift */ = {isa = PBXFileReference; lastKnownFileType = sourcecode.swift; path = tekubimon_iphoneTests.swift; sourceTree = "<group>"; };
		BE7A3D6A1CD6B33B00D163FC /* Info.plist */ = {isa = PBXFileReference; lastKnownFileType = text.plist.xml; path = Info.plist; sourceTree = "<group>"; };
		BE7A3D6F1CD6B33B00D163FC /* tekubimon-iphoneUITests.xctest */ = {isa = PBXFileReference; explicitFileType = wrapper.cfbundle; includeInIndex = 0; path = "tekubimon-iphoneUITests.xctest"; sourceTree = BUILT_PRODUCTS_DIR; };
		BE7A3D731CD6B33B00D163FC /* tekubimon_iphoneUITests.swift */ = {isa = PBXFileReference; lastKnownFileType = sourcecode.swift; path = tekubimon_iphoneUITests.swift; sourceTree = "<group>"; };
		BE7A3D751CD6B33B00D163FC /* Info.plist */ = {isa = PBXFileReference; lastKnownFileType = text.plist.xml; path = Info.plist; sourceTree = "<group>"; };
		BE7A3D811CD6B4B100D163FC /* notes */ = {isa = PBXFileReference; fileEncoding = 4; lastKnownFileType = text; path = notes; sourceTree = "<group>"; };
		BE7A3D851CD6E2B500D163FC /* Black_Mage.swift */ = {isa = PBXFileReference; fileEncoding = 4; lastKnownFileType = sourcecode.swift; path = Black_Mage.swift; sourceTree = "<group>"; };
/* End PBXFileReference section */

/* Begin PBXFrameworksBuildPhase section */
		BE1B4C9A1CE6C6510032B904 /* Frameworks */ = {
			isa = PBXFrameworksBuildPhase;
			buildActionMask = 2147483647;
			files = (
			);
			runOnlyForDeploymentPostprocessing = 0;
		};
		BE7A3D491CD6B33A00D163FC /* Frameworks */ = {
			isa = PBXFrameworksBuildPhase;
			buildActionMask = 2147483647;
			files = (
				8B70DAEB1CD6B78A00988E7E /* HealthKit.framework in Frameworks */,
			);
			runOnlyForDeploymentPostprocessing = 0;
		};
		BE7A3D611CD6B33B00D163FC /* Frameworks */ = {
			isa = PBXFrameworksBuildPhase;
			buildActionMask = 2147483647;
			files = (
			);
			runOnlyForDeploymentPostprocessing = 0;
		};
		BE7A3D6C1CD6B33B00D163FC /* Frameworks */ = {
			isa = PBXFrameworksBuildPhase;
			buildActionMask = 2147483647;
			files = (
			);
			runOnlyForDeploymentPostprocessing = 0;
		};
/* End PBXFrameworksBuildPhase section */

/* Begin PBXGroup section */
		BE1B4C921CE6C6500032B904 /* watch */ = {
			isa = PBXGroup;
			children = (
				BE1B4C931CE6C6510032B904 /* Interface.storyboard */,
				BE1B4C961CE6C6510032B904 /* Assets.xcassets */,
				BE1B4C981CE6C6510032B904 /* Info.plist */,
			);
			path = watch;
			sourceTree = "<group>";
		};
		BE1B4CA11CE6C6510032B904 /* watch Extension */ = {
			isa = PBXGroup;
			children = (
				BE1B4CA41CE6C6510032B904 /* InterfaceController.swift */,
				BE1B4CA61CE6C6510032B904 /* ExtensionDelegate.swift */,
				BE1B4CA81CE6C6510032B904 /* NotificationController.swift */,
				BE1B4CAA1CE6C6510032B904 /* Assets.xcassets */,
				BE1B4CAC1CE6C6510032B904 /* Info.plist */,
				BE1B4CA21CE6C6510032B904 /* Supporting Files */,
			);
			path = "watch Extension";
			sourceTree = "<group>";
		};
		BE1B4CA21CE6C6510032B904 /* Supporting Files */ = {
			isa = PBXGroup;
			children = (
				BE1B4CA31CE6C6510032B904 /* PushNotificationPayload.apns */,
			);
			name = "Supporting Files";
			sourceTree = "<group>";
		};
		BE7A3D431CD6B33A00D163FC = {
			isa = PBXGroup;
			children = (
				2A4223331CE107E60010F06C /* Pet+CoreDataProperties.swift */,
				2A5DF9C51CDC283300386A03 /* Player+CoreDataProperties.swift */,
				2A4223341CE107E60010F06C /* Pet.swift */,
				2A5DF9C61CDC283300386A03 /* Player.swift */,
				8B70DAEA1CD6B78A00988E7E /* HealthKit.framework */,
				BE7A3D4E1CD6B33A00D163FC /* tekubimon-iphone */,
				BE7A3D671CD6B33B00D163FC /* tekubimon-iphoneTests */,
				BE7A3D721CD6B33B00D163FC /* tekubimon-iphoneUITests */,
				BE1B4C921CE6C6500032B904 /* watch */,
				BE1B4CA11CE6C6510032B904 /* watch Extension */,
				BE7A3D4D1CD6B33A00D163FC /* Products */,
			);
			sourceTree = "<group>";
		};
		BE7A3D4D1CD6B33A00D163FC /* Products */ = {
			isa = PBXGroup;
			children = (
				BE7A3D4C1CD6B33A00D163FC /* tekubimon-iphone.app */,
				BE7A3D641CD6B33B00D163FC /* tekubimon-iphoneTests.xctest */,
				BE7A3D6F1CD6B33B00D163FC /* tekubimon-iphoneUITests.xctest */,
				BE1B4C911CE6C6500032B904 /* watch.app */,
				BE1B4C9D1CE6C6510032B904 /* watch Extension.appex */,
			);
			name = Products;
			sourceTree = "<group>";
		};
		BE7A3D4E1CD6B33A00D163FC /* tekubimon-iphone */ = {
			isa = PBXGroup;
			children = (
				2AF085521CE8101200B5E4AF /* bossbalrog.atlas */,
				2AF085531CE8101200B5E4AF /* bossdragon.atlas */,
				2AF085541CE8101200B5E4AF /* bossmushroom.atlas */,
				2AF085551CE8101200B5E4AF /* bossskeleton.atlas */,
				2AF085561CE8101200B5E4AF /* bossstump.atlas */,
				2AF085571CE8101200B5E4AF /* bosstree.atlas */,
				2AF085581CE8101200B5E4AF /* petdragon.atlas */,
				2AF085591CE8101200B5E4AF /* petlion.atlas */,
				2AF0855A1CE8101200B5E4AF /* petporcupine.atlas */,
				2AF0855B1CE8101200B5E4AF /* yeti.atlas */,
				BE0857131CE0F5CE00B4E31D /* StatViewController.swift */,
				8B70DAEC1CD6B78A00988E7E /* tekubimon-iphone.entitlements */,
				2A5DF9C21CDC263C00386A03 /* PlayerModel.xcdatamodeld */,
				BE7A3D811CD6B4B100D163FC /* notes */,
				2AEC1AA61CDAA67D00699105 /* DataController.swift */,
				BE7A3D4F1CD6B33A00D163FC /* AppDelegate.swift */,
				BE7A3D511CD6B33A00D163FC /* GameScene2.sks */,
				2A5EB91A1CE8116E00EF7560 /* GameScene.sks */,
				BE7A3D531CD6B33A00D163FC /* GameScene.swift */,
				BE7A3D851CD6E2B500D163FC /* Black_Mage.swift */,
				BE08570F1CE037CD00B4E31D /* HomeTabViewController.swift */,
				2A5DFA0C1CDCD42E00386A03 /* FirstTimeViewController.swift */,
				BE7A3D551CD6B33A00D163FC /* GameViewController.swift */,
				BE0857111CE03CFD00B4E31D /* PetViewController.swift */,
				2A5EB9181CE8114400EF7560 /* BossInfo.swift */,
				2A5EB9161CE8113E00EF7560 /* PetInfo.swift */,
				BE7A3D571CD6B33A00D163FC /* Main.storyboard */,
				BE0857191CE11C9C00B4E31D /* HelpViewController.swift */,
				BE7A3D5A1CD6B33A00D163FC /* Assets.xcassets */,
				8B70DAE81CD6B77700988E7E /* HealthKitManager.swift */,
				BE7A3D5C1CD6B33A00D163FC /* LaunchScreen.storyboard */,
				BE7A3D5F1CD6B33A00D163FC /* Info.plist */,
			);
			path = "tekubimon-iphone";
			sourceTree = "<group>";
		};
		BE7A3D671CD6B33B00D163FC /* tekubimon-iphoneTests */ = {
			isa = PBXGroup;
			children = (
				BE7A3D681CD6B33B00D163FC /* tekubimon_iphoneTests.swift */,
				BE7A3D6A1CD6B33B00D163FC /* Info.plist */,
			);
			path = "tekubimon-iphoneTests";
			sourceTree = "<group>";
		};
		BE7A3D721CD6B33B00D163FC /* tekubimon-iphoneUITests */ = {
			isa = PBXGroup;
			children = (
				BE7A3D731CD6B33B00D163FC /* tekubimon_iphoneUITests.swift */,
				BE7A3D751CD6B33B00D163FC /* Info.plist */,
			);
			path = "tekubimon-iphoneUITests";
			sourceTree = "<group>";
		};
/* End PBXGroup section */

/* Begin PBXNativeTarget section */
		BE1B4C901CE6C6500032B904 /* watch */ = {
			isa = PBXNativeTarget;
			buildConfigurationList = BE1B4CB61CE6C6510032B904 /* Build configuration list for PBXNativeTarget "watch" */;
			buildPhases = (
				BE1B4C8F1CE6C6500032B904 /* Resources */,
				BE1B4CB51CE6C6510032B904 /* Embed App Extensions */,
			);
			buildRules = (
			);
			dependencies = (
				BE1B4CA01CE6C6510032B904 /* PBXTargetDependency */,
			);
			name = watch;
			productName = watch;
			productReference = BE1B4C911CE6C6500032B904 /* watch.app */;
			productType = "com.apple.product-type.application.watchapp2";
		};
		BE1B4C9C1CE6C6510032B904 /* watch Extension */ = {
			isa = PBXNativeTarget;
			buildConfigurationList = BE1B4CB41CE6C6510032B904 /* Build configuration list for PBXNativeTarget "watch Extension" */;
			buildPhases = (
				BE1B4C991CE6C6510032B904 /* Sources */,
				BE1B4C9A1CE6C6510032B904 /* Frameworks */,
				BE1B4C9B1CE6C6510032B904 /* Resources */,
			);
			buildRules = (
			);
			dependencies = (
			);
			name = "watch Extension";
			productName = "watch Extension";
			productReference = BE1B4C9D1CE6C6510032B904 /* watch Extension.appex */;
			productType = "com.apple.product-type.watchkit2-extension";
		};
		BE7A3D4B1CD6B33A00D163FC /* tekubimon-iphone */ = {
			isa = PBXNativeTarget;
			buildConfigurationList = BE7A3D781CD6B33B00D163FC /* Build configuration list for PBXNativeTarget "tekubimon-iphone" */;
			buildPhases = (
				BE7A3D481CD6B33A00D163FC /* Sources */,
				BE7A3D491CD6B33A00D163FC /* Frameworks */,
				BE7A3D4A1CD6B33A00D163FC /* Resources */,
				BE1B4CB71CE6C6510032B904 /* Embed Watch Content */,
			);
			buildRules = (
			);
			dependencies = (
				BE1B4CAE1CE6C6510032B904 /* PBXTargetDependency */,
			);
			name = "tekubimon-iphone";
			productName = "tekubimon-iphone";
			productReference = BE7A3D4C1CD6B33A00D163FC /* tekubimon-iphone.app */;
			productType = "com.apple.product-type.application";
		};
		BE7A3D631CD6B33B00D163FC /* tekubimon-iphoneTests */ = {
			isa = PBXNativeTarget;
			buildConfigurationList = BE7A3D7B1CD6B33B00D163FC /* Build configuration list for PBXNativeTarget "tekubimon-iphoneTests" */;
			buildPhases = (
				BE7A3D601CD6B33B00D163FC /* Sources */,
				BE7A3D611CD6B33B00D163FC /* Frameworks */,
				BE7A3D621CD6B33B00D163FC /* Resources */,
			);
			buildRules = (
			);
			dependencies = (
				BE7A3D661CD6B33B00D163FC /* PBXTargetDependency */,
			);
			name = "tekubimon-iphoneTests";
			productName = "tekubimon-iphoneTests";
			productReference = BE7A3D641CD6B33B00D163FC /* tekubimon-iphoneTests.xctest */;
			productType = "com.apple.product-type.bundle.unit-test";
		};
		BE7A3D6E1CD6B33B00D163FC /* tekubimon-iphoneUITests */ = {
			isa = PBXNativeTarget;
			buildConfigurationList = BE7A3D7E1CD6B33B00D163FC /* Build configuration list for PBXNativeTarget "tekubimon-iphoneUITests" */;
			buildPhases = (
				BE7A3D6B1CD6B33B00D163FC /* Sources */,
				BE7A3D6C1CD6B33B00D163FC /* Frameworks */,
				BE7A3D6D1CD6B33B00D163FC /* Resources */,
			);
			buildRules = (
			);
			dependencies = (
				BE7A3D711CD6B33B00D163FC /* PBXTargetDependency */,
			);
			name = "tekubimon-iphoneUITests";
			productName = "tekubimon-iphoneUITests";
			productReference = BE7A3D6F1CD6B33B00D163FC /* tekubimon-iphoneUITests.xctest */;
			productType = "com.apple.product-type.bundle.ui-testing";
		};
/* End PBXNativeTarget section */

/* Begin PBXProject section */
		BE7A3D441CD6B33A00D163FC /* Project object */ = {
			isa = PBXProject;
			attributes = {
				LastSwiftUpdateCheck = 0730;
				LastUpgradeCheck = 0730;
				ORGANIZATIONNAME = "William Shi";
				TargetAttributes = {
					BE1B4C901CE6C6500032B904 = {
						CreatedOnToolsVersion = 7.3.1;
						DevelopmentTeam = 2P6M4E83T6;
					};
					BE1B4C9C1CE6C6510032B904 = {
						CreatedOnToolsVersion = 7.3.1;
						DevelopmentTeam = 2P6M4E83T6;
					};
					BE7A3D4B1CD6B33A00D163FC = {
						CreatedOnToolsVersion = 7.3;
						DevelopmentTeam = 2P6M4E83T6;
						SystemCapabilities = {
							com.apple.HealthKit = {
								enabled = 1;
							};
						};
					};
					BE7A3D631CD6B33B00D163FC = {
						CreatedOnToolsVersion = 7.3;
						TestTargetID = BE7A3D4B1CD6B33A00D163FC;
					};
					BE7A3D6E1CD6B33B00D163FC = {
						CreatedOnToolsVersion = 7.3;
						TestTargetID = BE7A3D4B1CD6B33A00D163FC;
					};
				};
			};
			buildConfigurationList = BE7A3D471CD6B33A00D163FC /* Build configuration list for PBXProject "tekubimon-iphone" */;
			compatibilityVersion = "Xcode 3.2";
			developmentRegion = English;
			hasScannedForEncodings = 0;
			knownRegions = (
				en,
				Base,
			);
			mainGroup = BE7A3D431CD6B33A00D163FC;
			productRefGroup = BE7A3D4D1CD6B33A00D163FC /* Products */;
			projectDirPath = "";
			projectRoot = "";
			targets = (
				BE7A3D4B1CD6B33A00D163FC /* tekubimon-iphone */,
				BE7A3D631CD6B33B00D163FC /* tekubimon-iphoneTests */,
				BE7A3D6E1CD6B33B00D163FC /* tekubimon-iphoneUITests */,
				BE1B4C901CE6C6500032B904 /* watch */,
				BE1B4C9C1CE6C6510032B904 /* watch Extension */,
			);
		};
/* End PBXProject section */

/* Begin PBXResourcesBuildPhase section */
		BE1B4C8F1CE6C6500032B904 /* Resources */ = {
			isa = PBXResourcesBuildPhase;
			buildActionMask = 2147483647;
			files = (
				BE1B4C971CE6C6510032B904 /* Assets.xcassets in Resources */,
				BE1B4C951CE6C6510032B904 /* Interface.storyboard in Resources */,
			);
			runOnlyForDeploymentPostprocessing = 0;
		};
		BE1B4C9B1CE6C6510032B904 /* Resources */ = {
			isa = PBXResourcesBuildPhase;
			buildActionMask = 2147483647;
			files = (
				BE1B4CAB1CE6C6510032B904 /* Assets.xcassets in Resources */,
			);
			runOnlyForDeploymentPostprocessing = 0;
		};
		BE7A3D4A1CD6B33A00D163FC /* Resources */ = {
			isa = PBXResourcesBuildPhase;
			buildActionMask = 2147483647;
			files = (
				BE7A3D521CD6B33A00D163FC /* GameScene2.sks in Resources */,
				2AF085641CE8101200B5E4AF /* petporcupine.atlas in Resources */,
				2AF0855F1CE8101200B5E4AF /* bossskeleton.atlas in Resources */,
				2AF085621CE8101200B5E4AF /* petdragon.atlas in Resources */,
				2A5EB91B1CE8116E00EF7560 /* GameScene.sks in Resources */,
				2AF0855C1CE8101200B5E4AF /* bossbalrog.atlas in Resources */,
				BE7A3D5E1CD6B33A00D163FC /* LaunchScreen.storyboard in Resources */,
				BE7A3D831CD6B4B100D163FC /* notes in Resources */,
				2AF085651CE8101200B5E4AF /* yeti.atlas in Resources */,
				BE7A3D5B1CD6B33A00D163FC /* Assets.xcassets in Resources */,
				2AF085631CE8101200B5E4AF /* petlion.atlas in Resources */,
				2AF085611CE8101200B5E4AF /* bosstree.atlas in Resources */,
				BE7A3D591CD6B33A00D163FC /* Main.storyboard in Resources */,
				2AF0855E1CE8101200B5E4AF /* bossmushroom.atlas in Resources */,
				2AF085601CE8101200B5E4AF /* bossstump.atlas in Resources */,
				2AF0855D1CE8101200B5E4AF /* bossdragon.atlas in Resources */,
			);
			runOnlyForDeploymentPostprocessing = 0;
		};
		BE7A3D621CD6B33B00D163FC /* Resources */ = {
			isa = PBXResourcesBuildPhase;
			buildActionMask = 2147483647;
			files = (
			);
			runOnlyForDeploymentPostprocessing = 0;
		};
		BE7A3D6D1CD6B33B00D163FC /* Resources */ = {
			isa = PBXResourcesBuildPhase;
			buildActionMask = 2147483647;
			files = (
			);
			runOnlyForDeploymentPostprocessing = 0;
		};
/* End PBXResourcesBuildPhase section */

/* Begin PBXSourcesBuildPhase section */
		BE1B4C991CE6C6510032B904 /* Sources */ = {
			isa = PBXSourcesBuildPhase;
			buildActionMask = 2147483647;
			files = (
				BE1B4CA91CE6C6510032B904 /* NotificationController.swift in Sources */,
				BE1B4CA71CE6C6510032B904 /* ExtensionDelegate.swift in Sources */,
				BE1B4CA51CE6C6510032B904 /* InterfaceController.swift in Sources */,
			);
			runOnlyForDeploymentPostprocessing = 0;
		};
		BE7A3D481CD6B33A00D163FC /* Sources */ = {
			isa = PBXSourcesBuildPhase;
			buildActionMask = 2147483647;
			files = (
				2A5EB9191CE8114400EF7560 /* BossInfo.swift in Sources */,
				2A5DF9C81CDC283300386A03 /* Player.swift in Sources */,
				BE7A3D541CD6B33A00D163FC /* GameScene.swift in Sources */,
				BE7A3D861CD6E2B500D163FC /* Black_Mage.swift in Sources */,
				2A5DF9C41CDC263C00386A03 /* PlayerModel.xcdatamodeld in Sources */,
				2A5EB9171CE8113E00EF7560 /* PetInfo.swift in Sources */,
				2AEC1AA71CDAA67D00699105 /* DataController.swift in Sources */,
				BE0857121CE03CFD00B4E31D /* PetViewController.swift in Sources */,
				2A5DF9C71CDC283300386A03 /* Player+CoreDataProperties.swift in Sources */,
				BE0857101CE037CD00B4E31D /* HomeTabViewController.swift in Sources */,
				BE7A3D561CD6B33A00D163FC /* GameViewController.swift in Sources */,
				2A4223351CE107E60010F06C /* Pet+CoreDataProperties.swift in Sources */,
				8B70DAE91CD6B77700988E7E /* HealthKitManager.swift in Sources */,
				BE08571A1CE11C9C00B4E31D /* HelpViewController.swift in Sources */,
				2A5DFA0D1CDCD42E00386A03 /* FirstTimeViewController.swift in Sources */,
				BE0857141CE0F5CE00B4E31D /* StatViewController.swift in Sources */,
				2A4223361CE107E60010F06C /* Pet.swift in Sources */,
				BE7A3D501CD6B33A00D163FC /* AppDelegate.swift in Sources */,
			);
			runOnlyForDeploymentPostprocessing = 0;
		};
		BE7A3D601CD6B33B00D163FC /* Sources */ = {
			isa = PBXSourcesBuildPhase;
			buildActionMask = 2147483647;
			files = (
				BE7A3D691CD6B33B00D163FC /* tekubimon_iphoneTests.swift in Sources */,
			);
			runOnlyForDeploymentPostprocessing = 0;
		};
		BE7A3D6B1CD6B33B00D163FC /* Sources */ = {
			isa = PBXSourcesBuildPhase;
			buildActionMask = 2147483647;
			files = (
				BE7A3D741CD6B33B00D163FC /* tekubimon_iphoneUITests.swift in Sources */,
			);
			runOnlyForDeploymentPostprocessing = 0;
		};
/* End PBXSourcesBuildPhase section */

/* Begin PBXTargetDependency section */
		BE1B4CA01CE6C6510032B904 /* PBXTargetDependency */ = {
			isa = PBXTargetDependency;
			target = BE1B4C9C1CE6C6510032B904 /* watch Extension */;
			targetProxy = BE1B4C9F1CE6C6510032B904 /* PBXContainerItemProxy */;
		};
		BE1B4CAE1CE6C6510032B904 /* PBXTargetDependency */ = {
			isa = PBXTargetDependency;
			target = BE1B4C901CE6C6500032B904 /* watch */;
			targetProxy = BE1B4CAD1CE6C6510032B904 /* PBXContainerItemProxy */;
		};
		BE7A3D661CD6B33B00D163FC /* PBXTargetDependency */ = {
			isa = PBXTargetDependency;
			target = BE7A3D4B1CD6B33A00D163FC /* tekubimon-iphone */;
			targetProxy = BE7A3D651CD6B33B00D163FC /* PBXContainerItemProxy */;
		};
		BE7A3D711CD6B33B00D163FC /* PBXTargetDependency */ = {
			isa = PBXTargetDependency;
			target = BE7A3D4B1CD6B33A00D163FC /* tekubimon-iphone */;
			targetProxy = BE7A3D701CD6B33B00D163FC /* PBXContainerItemProxy */;
		};
/* End PBXTargetDependency section */

/* Begin PBXVariantGroup section */
		BE1B4C931CE6C6510032B904 /* Interface.storyboard */ = {
			isa = PBXVariantGroup;
			children = (
				BE1B4C941CE6C6510032B904 /* Base */,
			);
			name = Interface.storyboard;
			sourceTree = "<group>";
		};
		BE7A3D571CD6B33A00D163FC /* Main.storyboard */ = {
			isa = PBXVariantGroup;
			children = (
				BE7A3D581CD6B33A00D163FC /* Base */,
			);
			name = Main.storyboard;
			sourceTree = "<group>";
		};
		BE7A3D5C1CD6B33A00D163FC /* LaunchScreen.storyboard */ = {
			isa = PBXVariantGroup;
			children = (
				BE7A3D5D1CD6B33A00D163FC /* Base */,
			);
			name = LaunchScreen.storyboard;
			sourceTree = "<group>";
		};
/* End PBXVariantGroup section */

/* Begin XCBuildConfiguration section */
		BE1B4CB01CE6C6510032B904 /* Debug */ = {
			isa = XCBuildConfiguration;
			buildSettings = {
				ASSETCATALOG_COMPILER_APPICON_NAME = AppIcon;
				CODE_SIGN_IDENTITY = "iPhone Developer";
				"CODE_SIGN_IDENTITY[sdk=iphoneos*]" = "iPhone Developer";
				DEBUG_INFORMATION_FORMAT = dwarf;
				EMBEDDED_CONTENT_CONTAINS_SWIFT = YES;
				IBSC_MODULE = watch_Extension;
				INFOPLIST_FILE = watch/Info.plist;
				PRODUCT_BUNDLE_IDENTIFIER = nyu.edu.tekubimoniphone.watchkitapp;
				PRODUCT_NAME = "$(TARGET_NAME)";
				SDKROOT = watchos;
				SKIP_INSTALL = YES;
				TARGETED_DEVICE_FAMILY = 4;
				WATCHOS_DEPLOYMENT_TARGET = 2.2;
			};
			name = Debug;
		};
		BE1B4CB11CE6C6510032B904 /* Release */ = {
			isa = XCBuildConfiguration;
			buildSettings = {
				ASSETCATALOG_COMPILER_APPICON_NAME = AppIcon;
				CODE_SIGN_IDENTITY = "iPhone Developer";
				"CODE_SIGN_IDENTITY[sdk=iphoneos*]" = "iPhone Developer";
				EMBEDDED_CONTENT_CONTAINS_SWIFT = YES;
				IBSC_MODULE = watch_Extension;
				INFOPLIST_FILE = watch/Info.plist;
				PRODUCT_BUNDLE_IDENTIFIER = nyu.edu.tekubimoniphone.watchkitapp;
				PRODUCT_NAME = "$(TARGET_NAME)";
				SDKROOT = watchos;
				SKIP_INSTALL = YES;
				TARGETED_DEVICE_FAMILY = 4;
				WATCHOS_DEPLOYMENT_TARGET = 2.2;
			};
			name = Release;
		};
		BE1B4CB21CE6C6510032B904 /* Debug */ = {
			isa = XCBuildConfiguration;
			buildSettings = {
				DEBUG_INFORMATION_FORMAT = dwarf;
				INFOPLIST_FILE = "watch Extension/Info.plist";
				LD_RUNPATH_SEARCH_PATHS = "$(inherited) @executable_path/Frameworks @executable_path/../../Frameworks";
				PRODUCT_BUNDLE_IDENTIFIER = nyu.edu.tekubimoniphone.watchkitapp.watchkitextension;
				PRODUCT_NAME = "${TARGET_NAME}";
				SDKROOT = watchos;
				SKIP_INSTALL = YES;
				TARGETED_DEVICE_FAMILY = 4;
				WATCHOS_DEPLOYMENT_TARGET = 2.2;
			};
			name = Debug;
		};
		BE1B4CB31CE6C6510032B904 /* Release */ = {
			isa = XCBuildConfiguration;
			buildSettings = {
				INFOPLIST_FILE = "watch Extension/Info.plist";
				LD_RUNPATH_SEARCH_PATHS = "$(inherited) @executable_path/Frameworks @executable_path/../../Frameworks";
				PRODUCT_BUNDLE_IDENTIFIER = nyu.edu.tekubimoniphone.watchkitapp.watchkitextension;
				PRODUCT_NAME = "${TARGET_NAME}";
				SDKROOT = watchos;
				SKIP_INSTALL = YES;
				TARGETED_DEVICE_FAMILY = 4;
				WATCHOS_DEPLOYMENT_TARGET = 2.2;
			};
			name = Release;
		};
		BE7A3D761CD6B33B00D163FC /* Debug */ = {
			isa = XCBuildConfiguration;
			buildSettings = {
				ALWAYS_SEARCH_USER_PATHS = NO;
				CLANG_ANALYZER_NONNULL = YES;
				CLANG_CXX_LANGUAGE_STANDARD = "gnu++0x";
				CLANG_CXX_LIBRARY = "libc++";
				CLANG_ENABLE_MODULES = YES;
				CLANG_ENABLE_OBJC_ARC = YES;
				CLANG_WARN_BOOL_CONVERSION = YES;
				CLANG_WARN_CONSTANT_CONVERSION = YES;
				CLANG_WARN_DIRECT_OBJC_ISA_USAGE = YES_ERROR;
				CLANG_WARN_EMPTY_BODY = YES;
				CLANG_WARN_ENUM_CONVERSION = YES;
				CLANG_WARN_INT_CONVERSION = YES;
				CLANG_WARN_OBJC_ROOT_CLASS = YES_ERROR;
				CLANG_WARN_UNREACHABLE_CODE = YES;
				CLANG_WARN__DUPLICATE_METHOD_MATCH = YES;
				"CODE_SIGN_IDENTITY[sdk=iphoneos*]" = "iPhone Developer";
				COPY_PHASE_STRIP = NO;
				DEBUG_INFORMATION_FORMAT = "dwarf-with-dsym";
				ENABLE_STRICT_OBJC_MSGSEND = YES;
				ENABLE_TESTABILITY = YES;
				GCC_C_LANGUAGE_STANDARD = gnu99;
				GCC_DYNAMIC_NO_PIC = NO;
				GCC_NO_COMMON_BLOCKS = YES;
				GCC_OPTIMIZATION_LEVEL = 0;
				GCC_PREPROCESSOR_DEFINITIONS = (
					"DEBUG=1",
					"$(inherited)",
				);
				GCC_WARN_64_TO_32_BIT_CONVERSION = YES;
				GCC_WARN_ABOUT_RETURN_TYPE = YES_ERROR;
				GCC_WARN_UNDECLARED_SELECTOR = YES;
				GCC_WARN_UNINITIALIZED_AUTOS = YES_AGGRESSIVE;
				GCC_WARN_UNUSED_FUNCTION = YES;
				GCC_WARN_UNUSED_VARIABLE = YES;
				IPHONEOS_DEPLOYMENT_TARGET = 9.3;
				MTL_ENABLE_DEBUG_INFO = YES;
				ONLY_ACTIVE_ARCH = YES;
				SDKROOT = iphoneos;
				SWIFT_OPTIMIZATION_LEVEL = "-Onone";
			};
			name = Debug;
		};
		BE7A3D771CD6B33B00D163FC /* Release */ = {
			isa = XCBuildConfiguration;
			buildSettings = {
				ALWAYS_SEARCH_USER_PATHS = NO;
				CLANG_ANALYZER_NONNULL = YES;
				CLANG_CXX_LANGUAGE_STANDARD = "gnu++0x";
				CLANG_CXX_LIBRARY = "libc++";
				CLANG_ENABLE_MODULES = YES;
				CLANG_ENABLE_OBJC_ARC = YES;
				CLANG_WARN_BOOL_CONVERSION = YES;
				CLANG_WARN_CONSTANT_CONVERSION = YES;
				CLANG_WARN_DIRECT_OBJC_ISA_USAGE = YES_ERROR;
				CLANG_WARN_EMPTY_BODY = YES;
				CLANG_WARN_ENUM_CONVERSION = YES;
				CLANG_WARN_INT_CONVERSION = YES;
				CLANG_WARN_OBJC_ROOT_CLASS = YES_ERROR;
				CLANG_WARN_UNREACHABLE_CODE = YES;
				CLANG_WARN__DUPLICATE_METHOD_MATCH = YES;
				"CODE_SIGN_IDENTITY[sdk=iphoneos*]" = "iPhone Developer";
				COPY_PHASE_STRIP = NO;
				DEBUG_INFORMATION_FORMAT = "dwarf-with-dsym";
				ENABLE_NS_ASSERTIONS = NO;
				ENABLE_STRICT_OBJC_MSGSEND = YES;
				GCC_C_LANGUAGE_STANDARD = gnu99;
				GCC_NO_COMMON_BLOCKS = YES;
				GCC_WARN_64_TO_32_BIT_CONVERSION = YES;
				GCC_WARN_ABOUT_RETURN_TYPE = YES_ERROR;
				GCC_WARN_UNDECLARED_SELECTOR = YES;
				GCC_WARN_UNINITIALIZED_AUTOS = YES_AGGRESSIVE;
				GCC_WARN_UNUSED_FUNCTION = YES;
				GCC_WARN_UNUSED_VARIABLE = YES;
				IPHONEOS_DEPLOYMENT_TARGET = 9.3;
				MTL_ENABLE_DEBUG_INFO = NO;
				SDKROOT = iphoneos;
				VALIDATE_PRODUCT = YES;
			};
			name = Release;
		};
		BE7A3D791CD6B33B00D163FC /* Debug */ = {
			isa = XCBuildConfiguration;
			buildSettings = {
				ASSETCATALOG_COMPILER_APPICON_NAME = AppIcon;
				CODE_SIGN_ENTITLEMENTS = "tekubimon-iphone/tekubimon-iphone.entitlements";
				CODE_SIGN_IDENTITY = "iPhone Developer";
				"CODE_SIGN_IDENTITY[sdk=iphoneos*]" = "iPhone Developer";
				INFOPLIST_FILE = "tekubimon-iphone/Info.plist";
				LD_RUNPATH_SEARCH_PATHS = "$(inherited) @executable_path/Frameworks";
				PRODUCT_BUNDLE_IDENTIFIER = nyu.edu.tekubimoniphone;
				PRODUCT_NAME = "$(TARGET_NAME)";
				PROVISIONING_PROFILE = "";
			};
			name = Debug;
		};
		BE7A3D7A1CD6B33B00D163FC /* Release */ = {
			isa = XCBuildConfiguration;
			buildSettings = {
				ASSETCATALOG_COMPILER_APPICON_NAME = AppIcon;
				CODE_SIGN_ENTITLEMENTS = "tekubimon-iphone/tekubimon-iphone.entitlements";
				CODE_SIGN_IDENTITY = "iPhone Developer";
				"CODE_SIGN_IDENTITY[sdk=iphoneos*]" = "iPhone Developer";
				INFOPLIST_FILE = "tekubimon-iphone/Info.plist";
				LD_RUNPATH_SEARCH_PATHS = "$(inherited) @executable_path/Frameworks";
				PRODUCT_BUNDLE_IDENTIFIER = nyu.edu.tekubimoniphone;
				PRODUCT_NAME = "$(TARGET_NAME)";
				PROVISIONING_PROFILE = "";
			};
			name = Release;
		};
		BE7A3D7C1CD6B33B00D163FC /* Debug */ = {
			isa = XCBuildConfiguration;
			buildSettings = {
				BUNDLE_LOADER = "$(TEST_HOST)";
				DEBUG_INFORMATION_FORMAT = dwarf;
				INFOPLIST_FILE = "tekubimon-iphoneTests/Info.plist";
				LD_RUNPATH_SEARCH_PATHS = "$(inherited) @executable_path/Frameworks @loader_path/Frameworks";
				PRODUCT_BUNDLE_IDENTIFIER = "nyu.edu.tekubimon-iphoneTests";
				PRODUCT_NAME = "$(TARGET_NAME)";
				TEST_HOST = "$(BUILT_PRODUCTS_DIR)/tekubimon-iphone.app/tekubimon-iphone";
			};
			name = Debug;
		};
		BE7A3D7D1CD6B33B00D163FC /* Release */ = {
			isa = XCBuildConfiguration;
			buildSettings = {
				BUNDLE_LOADER = "$(TEST_HOST)";
				INFOPLIST_FILE = "tekubimon-iphoneTests/Info.plist";
				LD_RUNPATH_SEARCH_PATHS = "$(inherited) @executable_path/Frameworks @loader_path/Frameworks";
				PRODUCT_BUNDLE_IDENTIFIER = "nyu.edu.tekubimon-iphoneTests";
				PRODUCT_NAME = "$(TARGET_NAME)";
				TEST_HOST = "$(BUILT_PRODUCTS_DIR)/tekubimon-iphone.app/tekubimon-iphone";
			};
			name = Release;
		};
		BE7A3D7F1CD6B33B00D163FC /* Debug */ = {
			isa = XCBuildConfiguration;
			buildSettings = {
				DEBUG_INFORMATION_FORMAT = dwarf;
				INFOPLIST_FILE = "tekubimon-iphoneUITests/Info.plist";
				LD_RUNPATH_SEARCH_PATHS = "$(inherited) @executable_path/Frameworks @loader_path/Frameworks";
				PRODUCT_BUNDLE_IDENTIFIER = "nyu.edu.tekubimon-iphoneUITests";
				PRODUCT_NAME = "$(TARGET_NAME)";
				TEST_TARGET_NAME = "tekubimon-iphone";
			};
			name = Debug;
		};
		BE7A3D801CD6B33B00D163FC /* Release */ = {
			isa = XCBuildConfiguration;
			buildSettings = {
				INFOPLIST_FILE = "tekubimon-iphoneUITests/Info.plist";
				LD_RUNPATH_SEARCH_PATHS = "$(inherited) @executable_path/Frameworks @loader_path/Frameworks";
				PRODUCT_BUNDLE_IDENTIFIER = "nyu.edu.tekubimon-iphoneUITests";
				PRODUCT_NAME = "$(TARGET_NAME)";
				TEST_TARGET_NAME = "tekubimon-iphone";
			};
			name = Release;
		};
/* End XCBuildConfiguration section */

/* Begin XCConfigurationList section */
		BE1B4CB41CE6C6510032B904 /* Build configuration list for PBXNativeTarget "watch Extension" */ = {
			isa = XCConfigurationList;
			buildConfigurations = (
				BE1B4CB21CE6C6510032B904 /* Debug */,
				BE1B4CB31CE6C6510032B904 /* Release */,
			);
			defaultConfigurationIsVisible = 0;
			defaultConfigurationName = Release;
		};
		BE1B4CB61CE6C6510032B904 /* Build configuration list for PBXNativeTarget "watch" */ = {
			isa = XCConfigurationList;
			buildConfigurations = (
				BE1B4CB01CE6C6510032B904 /* Debug */,
				BE1B4CB11CE6C6510032B904 /* Release */,
			);
			defaultConfigurationIsVisible = 0;
			defaultConfigurationName = Release;
		};
		BE7A3D471CD6B33A00D163FC /* Build configuration list for PBXProject "tekubimon-iphone" */ = {
			isa = XCConfigurationList;
			buildConfigurations = (
				BE7A3D761CD6B33B00D163FC /* Debug */,
				BE7A3D771CD6B33B00D163FC /* Release */,
			);
			defaultConfigurationIsVisible = 0;
			defaultConfigurationName = Release;
		};
		BE7A3D781CD6B33B00D163FC /* Build configuration list for PBXNativeTarget "tekubimon-iphone" */ = {
			isa = XCConfigurationList;
			buildConfigurations = (
				BE7A3D791CD6B33B00D163FC /* Debug */,
				BE7A3D7A1CD6B33B00D163FC /* Release */,
			);
			defaultConfigurationIsVisible = 0;
			defaultConfigurationName = Release;
		};
		BE7A3D7B1CD6B33B00D163FC /* Build configuration list for PBXNativeTarget "tekubimon-iphoneTests" */ = {
			isa = XCConfigurationList;
			buildConfigurations = (
				BE7A3D7C1CD6B33B00D163FC /* Debug */,
				BE7A3D7D1CD6B33B00D163FC /* Release */,
			);
			defaultConfigurationIsVisible = 0;
			defaultConfigurationName = Release;
		};
		BE7A3D7E1CD6B33B00D163FC /* Build configuration list for PBXNativeTarget "tekubimon-iphoneUITests" */ = {
			isa = XCConfigurationList;
			buildConfigurations = (
				BE7A3D7F1CD6B33B00D163FC /* Debug */,
				BE7A3D801CD6B33B00D163FC /* Release */,
			);
			defaultConfigurationIsVisible = 0;
			defaultConfigurationName = Release;
		};
/* End XCConfigurationList section */

/* Begin XCVersionGroup section */
		2A5DF9C21CDC263C00386A03 /* PlayerModel.xcdatamodeld */ = {
			isa = XCVersionGroup;
			children = (
				2A5DF9C31CDC263C00386A03 /* PlayerModel.xcdatamodel */,
			);
			currentVersion = 2A5DF9C31CDC263C00386A03 /* PlayerModel.xcdatamodel */;
			path = PlayerModel.xcdatamodeld;
			sourceTree = "<group>";
			versionGroupType = wrapper.xcdatamodel;
		};
/* End XCVersionGroup section */
	};
	rootObject = BE7A3D441CD6B33A00D163FC /* Project object */;
}
